%{
  "blume": {:hex, :blume, "0.1.1", "cfb4f43688690ba81c6a79f54e4678cfd5fdedab692f277ae740ae4a3897360d", [:rebar3], [], "hexpm", "c9fc424593158b4b09b79307a590e061995e4f465d0ff6483c8ee0f280f86e7a"},
  "briefly": {:hex, :briefly, "0.3.0", "16e6b76d2070ebc9cbd025fa85cf5dbaf52368c4bd896fb482b5a6b95a540c2f", [:mix], [], "hexpm", "c6ebf8fc3dcd4950dd10c03e953fb4f553a8bcf0ff4c8c40d71542434cd7e046"},
  "byte_ordered_float": {:hex, :byte_ordered_float, "0.1.2", "8a3450d0852be0a5614c93f215506280baa3e1c127a596f60cd4e39fc66336fe", [:mix], [], "hexpm", "18acc3858085bdda0c4fa102180ca3193a8e584afb00b7848ab8fd6b3279a59c"},
  "murmur": {:hex, :murmur, "1.0.3", "ade5e9cdb86300645abf72abbe064a87bc943678df2567986d720a70c8f48214", [:mix], [], "hexpm", "02b4dda9327ac6650cc9a8d007ec5244b609397b9110c5ad8549224eef9afc60"},
}
